
Microsoft Visual Studio Solution File, Format Version 12.00
Project("{FAE04EC0-301F-11D3-BF4B-00C04F79EFBC}") = "Day01", "Day01\Day01.csproj", "{7945DBB2-A8A2-4855-945C-73DF186D1DC4}"
EndProject
Project("{FAE04EC0-301F-11D3-BF4B-00C04F79EFBC}") = "Day02", "Day02\Day02.csproj", "{E8D396D1-4E6A-486E-A03B-773D26CD36B4}"
EndProject
Project("{FAE04EC0-301F-11D3-BF4B-00C04F79EFBC}") = "Day03", "Day03\Day03.csproj", "{5B3F06BA-58EF-40AB-9B69-D268FE55F8D5}"
EndProject
Global
	GlobalSection(SolutionConfigurationPlatforms) = preSolution
		Debug|Any CPU = Debug|Any CPU
		Release|Any CPU = Release|Any CPU
	EndGlobalSection
	GlobalSection(ProjectConfigurationPlatforms) = postSolution
		{7945DBB2-A8A2-4855-945C-73DF186D1DC4}.Debug|Any CPU.ActiveCfg = Debug|Any CPU
		{7945DBB2-A8A2-4855-945C-73DF186D1DC4}.Debug|Any CPU.Build.0 = Debug|Any CPU
		{7945DBB2-A8A2-4855-945C-73DF186D1DC4}.Release|Any CPU.ActiveCfg = Release|Any CPU
		{7945DBB2-A8A2-4855-945C-73DF186D1DC4}.Release|Any CPU.Build.0 = Release|Any CPU
		{E8D396D1-4E6A-486E-A03B-773D26CD36B4}.Debug|Any CPU.ActiveCfg = Debug|Any CPU
		{E8D396D1-4E6A-486E-A03B-773D26CD36B4}.Debug|Any CPU.Build.0 = Debug|Any CPU
		{E8D396D1-4E6A-486E-A03B-773D26CD36B4}.Release|Any CPU.ActiveCfg = Release|Any CPU
		{E8D396D1-4E6A-486E-A03B-773D26CD36B4}.Release|Any CPU.Build.0 = Release|Any CPU
		{5B3F06BA-58EF-40AB-9B69-D268FE55F8D5}.Debug|Any CPU.ActiveCfg = Debug|Any CPU
		{5B3F06BA-58EF-40AB-9B69-D268FE55F8D5}.Debug|Any CPU.Build.0 = Debug|Any CPU
		{5B3F06BA-58EF-40AB-9B69-D268FE55F8D5}.Release|Any CPU.ActiveCfg = Release|Any CPU
		{5B3F06BA-58EF-40AB-9B69-D268FE55F8D5}.Release|Any CPU.Build.0 = Release|Any CPU
	EndGlobalSection
EndGlobal
